
Microsoft Visual Studio Solution File, Format Version 12.00
# Visual Studio Version 17
VisualStudioVersion = 17.14.36327.8
MinimumVisualStudioVersion = 10.0.40219.1
Project("{FAE04EC0-301F-11D3-BF4B-00C04F79EFBC}") = "NagypapaHazaiBlazor", "NagypapaHazaiBlazor.csproj", "{277D6BFF-8B94-CE57-50B0-D9803BDAAE1E}"
EndProject
Global
	GlobalSection(SolutionConfigurationPlatforms) = preSolution
		Debug|Any CPU = Debug|Any CPU
		Release|Any CPU = Release|Any CPU
	EndGlobalSection
	GlobalSection(ProjectConfigurationPlatforms) = postSolution
		{277D6BFF-8B94-CE57-50B0-D9803BDAAE1E}.Debug|Any CPU.ActiveCfg = Debug|Any CPU
		{277D6BFF-8B94-CE57-50B0-D9803BDAAE1E}.Debug|Any CPU.Build.0 = Debug|Any CPU
		{277D6BFF-8B94-CE57-50B0-D9803BDAAE1E}.Release|Any CPU.ActiveCfg = Release|Any CPU
		{277D6BFF-8B94-CE57-50B0-D9803BDAAE1E}.Release|Any CPU.Build.0 = Release|Any CPU
	EndGlobalSection
	GlobalSection(SolutionProperties) = preSolution
		HideSolutionNode = FALSE
	EndGlobalSection
	GlobalSection(ExtensibilityGlobals) = postSolution
		SolutionGuid = {FFA3443B-0F0E-4F22-A907-54F7489425AE}
	EndGlobalSection
EndGlobal
